
Microsoft Visual Studio Solution File, Format Version 12.00
# Visual Studio Version 17
VisualStudioVersion = 17.7.34221.43
MinimumVisualStudioVersion = 10.0.40219.1
Project("{9A19103F-16F7-4668-BE54-9A1E7A4F7556}") = "InternetShopMobileApp", "InternetShopMobileApp\InternetShopMobileApp.csproj", "{F2801B67-E97F-43DC-89D1-DADBB2B80A04}"
EndProject
Project("{9A19103F-16F7-4668-BE54-9A1E7A4F7556}") = "InternetShopMobileApp.Android", "InternetShopMobileApp.Android\InternetShopMobileApp.Android.csproj", "{28DF07E8-EA4B-42E7-A593-AFD3720AB4A9}"
EndProject
Project("{9A19103F-16F7-4668-BE54-9A1E7A4F7556}") = "InternetShopMobileApp.Desktop", "InternetShopMobileApp.Desktop\InternetShopMobileApp.Desktop.csproj", "{0D7E390E-8778-4F78-ADCC-C5AB46D4CC3B}"
EndProject
Project("{9A19103F-16F7-4668-BE54-9A1E7A4F7556}") = "InternetShopWebApp", "..\InternetShopWebApp\InternetShopWebApp\InternetShopWebApp.csproj", "{F409E0DD-272F-49E3-905E-6E2F63670DC5}"
EndProject
Global
	GlobalSection(SolutionConfigurationPlatforms) = preSolution
		Debug|Any CPU = Debug|Any CPU
		Release|Any CPU = Release|Any CPU
	EndGlobalSection
	GlobalSection(ProjectConfigurationPlatforms) = postSolution
		{F2801B67-E97F-43DC-89D1-DADBB2B80A04}.Debug|Any CPU.ActiveCfg = Debug|Any CPU
		{F2801B67-E97F-43DC-89D1-DADBB2B80A04}.Debug|Any CPU.Build.0 = Debug|Any CPU
		{F2801B67-E97F-43DC-89D1-DADBB2B80A04}.Release|Any CPU.ActiveCfg = Release|Any CPU
		{F2801B67-E97F-43DC-89D1-DADBB2B80A04}.Release|Any CPU.Build.0 = Release|Any CPU
		{28DF07E8-EA4B-42E7-A593-AFD3720AB4A9}.Debug|Any CPU.ActiveCfg = Debug|Any CPU
		{28DF07E8-EA4B-42E7-A593-AFD3720AB4A9}.Debug|Any CPU.Build.0 = Debug|Any CPU
		{28DF07E8-EA4B-42E7-A593-AFD3720AB4A9}.Debug|Any CPU.Deploy.0 = Debug|Any CPU
		{28DF07E8-EA4B-42E7-A593-AFD3720AB4A9}.Release|Any CPU.ActiveCfg = Release|Any CPU
		{28DF07E8-EA4B-42E7-A593-AFD3720AB4A9}.Release|Any CPU.Build.0 = Release|Any CPU
		{28DF07E8-EA4B-42E7-A593-AFD3720AB4A9}.Release|Any CPU.Deploy.0 = Release|Any CPU
		{0D7E390E-8778-4F78-ADCC-C5AB46D4CC3B}.Debug|Any CPU.ActiveCfg = Debug|Any CPU
		{0D7E390E-8778-4F78-ADCC-C5AB46D4CC3B}.Debug|Any CPU.Build.0 = Debug|Any CPU
		{0D7E390E-8778-4F78-ADCC-C5AB46D4CC3B}.Release|Any CPU.ActiveCfg = Release|Any CPU
		{0D7E390E-8778-4F78-ADCC-C5AB46D4CC3B}.Release|Any CPU.Build.0 = Release|Any CPU
		{F409E0DD-272F-49E3-905E-6E2F63670DC5}.Debug|Any CPU.ActiveCfg = Debug|Any CPU
		{F409E0DD-272F-49E3-905E-6E2F63670DC5}.Release|Any CPU.ActiveCfg = Release|Any CPU
		{F409E0DD-272F-49E3-905E-6E2F63670DC5}.Release|Any CPU.Build.0 = Release|Any CPU
	EndGlobalSection
	GlobalSection(SolutionProperties) = preSolution
		HideSolutionNode = FALSE
	EndGlobalSection
	GlobalSection(ExtensibilityGlobals) = postSolution
		SolutionGuid = {99732EC9-3896-4C3E-A160-23B4B6921510}
	EndGlobalSection
EndGlobal
