
Microsoft Visual Studio Solution File, Format Version 12.00
# Visual Studio Version 17
VisualStudioVersion = 17.7.34221.43
MinimumVisualStudioVersion = 10.0.40219.1
Project("{9A19103F-16F7-4668-BE54-9A1E7A4F7556}") = "HelperProject", "HelperProject\HelperProject.csproj", "{F91072A7-6D02-4ABE-B7FA-EB576CF3A285}"
EndProject
Project("{9A19103F-16F7-4668-BE54-9A1E7A4F7556}") = "HelperProject.Desktop", "HelperProject.Desktop\HelperProject.Desktop.csproj", "{79C77F3C-C671-40EC-8F21-CC8D976C34E1}"
EndProject
Global
	GlobalSection(SolutionConfigurationPlatforms) = preSolution
		Debug|Any CPU = Debug|Any CPU
		Release|Any CPU = Release|Any CPU
	EndGlobalSection
	GlobalSection(ProjectConfigurationPlatforms) = postSolution
		{F91072A7-6D02-4ABE-B7FA-EB576CF3A285}.Debug|Any CPU.ActiveCfg = Debug|Any CPU
		{F91072A7-6D02-4ABE-B7FA-EB576CF3A285}.Debug|Any CPU.Build.0 = Debug|Any CPU
		{F91072A7-6D02-4ABE-B7FA-EB576CF3A285}.Release|Any CPU.ActiveCfg = Release|Any CPU
		{F91072A7-6D02-4ABE-B7FA-EB576CF3A285}.Release|Any CPU.Build.0 = Release|Any CPU
		{79C77F3C-C671-40EC-8F21-CC8D976C34E1}.Debug|Any CPU.ActiveCfg = Debug|Any CPU
		{79C77F3C-C671-40EC-8F21-CC8D976C34E1}.Debug|Any CPU.Build.0 = Debug|Any CPU
		{79C77F3C-C671-40EC-8F21-CC8D976C34E1}.Release|Any CPU.ActiveCfg = Release|Any CPU
		{79C77F3C-C671-40EC-8F21-CC8D976C34E1}.Release|Any CPU.Build.0 = Release|Any CPU
	EndGlobalSection
	GlobalSection(SolutionProperties) = preSolution
		HideSolutionNode = FALSE
	EndGlobalSection
	GlobalSection(ExtensibilityGlobals) = postSolution
		SolutionGuid = {CF04696C-4812-4EE9-BB32-7240F71C3589}
	EndGlobalSection
EndGlobal
